{
  "lockfileVersion": 1,
  "workspaces": {
    "": {
      "name": "slack-activity-webhook",
      "dependencies": {
        "@js-temporal/polyfill": "^0.4.4",
        "arktype": "^2.1.9",
        "croner": "^9.0.0",
      },
      "devDependencies": {
        "@types/bun": "latest",
      },
      "peerDependencies": {
        "typescript": "^5",
      },
    },
  },
  "packages": {
    "@ark/schema": ["@ark/schema@0.44.4", "", { "dependencies": { "@ark/util": "0.44.4" } }, "sha512-TsZTX+k5J7xsGABsFjVdRUNgViGDMLv73sikBM8JNxC4STe0suTuMNa1OJ/AFP2N+LpJ1zL9tdWlg28PRqAYhg=="],

    "@ark/util": ["@ark/util@0.44.4", "", {}, "sha512-zLfNZrsq5Dq+8B0pHJwL/wD3xNBHb8FoP0FuPB455w7HpqVaqO5qPXvn+YoO8v1Y6pNwLVsM9vCIiO221LoODQ=="],

    "@js-temporal/polyfill": ["@js-temporal/polyfill@0.4.4", "", { "dependencies": { "jsbi": "^4.3.0", "tslib": "^2.4.1" } }, "sha512-2X6bvghJ/JAoZO52lbgyAPFj8uCflhTo2g7nkFzEQdXd/D8rEeD4HtmTEpmtGCva260fcd66YNXBOYdnmHqSOg=="],

    "@types/bun": ["@types/bun@1.2.5", "", { "dependencies": { "bun-types": "1.2.5" } }, "sha512-w2OZTzrZTVtbnJew1pdFmgV99H0/L+Pvw+z1P67HaR18MHOzYnTYOi6qzErhK8HyT+DB782ADVPPE92Xu2/Opg=="],

    "@types/node": ["@types/node@22.13.10", "", { "dependencies": { "undici-types": "~6.20.0" } }, "sha512-I6LPUvlRH+O6VRUqYOcMudhaIdUVWfsjnZavnsraHvpBwaEyMN29ry+0UVJhImYL16xsscu0aske3yA+uPOWfw=="],

    "@types/ws": ["@types/ws@8.5.14", "", { "dependencies": { "@types/node": "*" } }, "sha512-bd/YFLW+URhBzMXurx7lWByOu+xzU9+kb3RboOteXYDfW+tr+JZa99OyNmPINEGB/ahzKrEuc8rcv4gnpJmxTw=="],

    "arktype": ["arktype@2.1.9", "", { "dependencies": { "@ark/schema": "0.44.4", "@ark/util": "0.44.4" } }, "sha512-bq46shcLpfop4D9acVQN/+quZ+hIGs4OUzoLq2vCaZLdkITOlWkfamBk9abMuC6fbgxW1fu/2PamcQgggWhTwQ=="],

    "bun-types": ["bun-types@1.2.5", "", { "dependencies": { "@types/node": "*", "@types/ws": "~8.5.10" } }, "sha512-3oO6LVGGRRKI4kHINx5PIdIgnLRb7l/SprhzqXapmoYkFl5m4j6EvALvbDVuuBFaamB46Ap6HCUxIXNLCGy+tg=="],

    "croner": ["croner@9.0.0", "", {}, "sha512-onMB0OkDjkXunhdW9htFjEhqrD54+M94i6ackoUkjHKbRnXdyEyKRelp4nJ1kAz32+s27jP1FsebpJCVl0BsvA=="],

    "jsbi": ["jsbi@4.3.0", "", {}, "sha512-SnZNcinB4RIcnEyZqFPdGPVgrg2AcnykiBy0sHVJQKHYeaLUvi3Exj+iaPpLnFVkDPZIV4U0yvgC9/R4uEAZ9g=="],

    "tslib": ["tslib@2.8.1", "", {}, "sha512-oJFu94HQb+KVduSUQL7wnpmqnfmLsOA/nAh6b6EH0wCEoK0/mPeXU6c3wKDV83MkOuHPRHtSXKKU99IBazS/2w=="],

    "typescript": ["typescript@5.8.2", "", { "bin": { "tsc": "bin/tsc", "tsserver": "bin/tsserver" } }, "sha512-aJn6wq13/afZp/jT9QZmwEjDqqvSGp1VT5GVg+f/t6/oVyrgXM6BY1h9BRh/O5p3PlUPAe+WuiEZOmb/49RqoQ=="],

    "undici-types": ["undici-types@6.20.0", "", {}, "sha512-Ny6QZ2Nju20vw1SRHe3d9jVu6gJ+4e3+MMpqu7pqE5HT6WsTSlce++GQmK5UXS8mzV8DSYHrQH+Xrf2jVcuKNg=="],
  }
}
